
Microsoft Visual Studio Solution File, Format Version 12.00
# Visual Studio Version 17
VisualStudioVersion = 17.4.33110.190
MinimumVisualStudioVersion = 10.0.40219.1
Project("{FAE04EC0-301F-11D3-BF4B-00C04F79EFBC}") = "Veebipood2", "Veebipood2\Veebipood2.csproj", "{85833EFC-C33E-4632-BDA3-D2B78E816A19}"
EndProject
Global
	GlobalSection(SolutionConfigurationPlatforms) = preSolution
		Debug|Any CPU = Debug|Any CPU
		Release|Any CPU = Release|Any CPU
	EndGlobalSection
	GlobalSection(ProjectConfigurationPlatforms) = postSolution
		{85833EFC-C33E-4632-BDA3-D2B78E816A19}.Debug|Any CPU.ActiveCfg = Debug|Any CPU
		{85833EFC-C33E-4632-BDA3-D2B78E816A19}.Debug|Any CPU.Build.0 = Debug|Any CPU
		{85833EFC-C33E-4632-BDA3-D2B78E816A19}.Release|Any CPU.ActiveCfg = Release|Any CPU
		{85833EFC-C33E-4632-BDA3-D2B78E816A19}.Release|Any CPU.Build.0 = Release|Any CPU
	EndGlobalSection
	GlobalSection(SolutionProperties) = preSolution
		HideSolutionNode = FALSE
	EndGlobalSection
	GlobalSection(ExtensibilityGlobals) = postSolution
		SolutionGuid = {DF7011AB-ACDC-45D6-B080-42CF742B6D08}
	EndGlobalSection
EndGlobal
